
Microsoft Visual Studio Solution File, Format Version 12.00
# Visual Studio Version 16
VisualStudioVersion = 16.0.31410.357
MinimumVisualStudioVersion = 10.0.40219.1
Project("{FAE04EC0-301F-11D3-BF4B-00C04F79EFBC}") = "ConsoleApp2", "ConsoleApp2\ConsoleApp2.csproj", "{DF82A259-25AC-42F0-936F-42F7BF4DC86A}"
EndProject
Global
	GlobalSection(SolutionConfigurationPlatforms) = preSolution
		Debug|Any CPU = Debug|Any CPU
		Release|Any CPU = Release|Any CPU
	EndGlobalSection
	GlobalSection(ProjectConfigurationPlatforms) = postSolution
		{DF82A259-25AC-42F0-936F-42F7BF4DC86A}.Debug|Any CPU.ActiveCfg = Debug|Any CPU
		{DF82A259-25AC-42F0-936F-42F7BF4DC86A}.Debug|Any CPU.Build.0 = Debug|Any CPU
		{DF82A259-25AC-42F0-936F-42F7BF4DC86A}.Release|Any CPU.ActiveCfg = Release|Any CPU
		{DF82A259-25AC-42F0-936F-42F7BF4DC86A}.Release|Any CPU.Build.0 = Release|Any CPU
	EndGlobalSection
	GlobalSection(SolutionProperties) = preSolution
		HideSolutionNode = FALSE
	EndGlobalSection
	GlobalSection(ExtensibilityGlobals) = postSolution
		SolutionGuid = {58531B04-6E53-4DCE-B742-39913B78514B}
	EndGlobalSection
EndGlobal
